PODS:
  - ChatLayout (2.5.1):
    - ChatLayout/Ultimate (= 2.5.1)
  - ChatLayout/Core (2.5.1)
  - ChatLayout/Extras (2.5.1):
    - ChatLayout/Core
  - ChatLayout/Ultimate (2.5.1):
    - ChatLayout/Core
    - ChatLayout/Extras
  - FPSCounter (4.1.0)
  - InputBarAccessoryView (5.5.0):
    - InputBarAccessoryView/Core (= 5.5.0)
  - InputBarAccessoryView/Core (5.5.0)

DEPENDENCIES:
  - ChatLayout (from `../`)
  - FPSCounter (~> 4.0)
  - InputBarAccessoryView

SPEC REPOS:
  trunk:
    - FPSCounter
    - InputBarAccessoryView

EXTERNAL SOURCES:
  ChatLayout:
    :path: "../"

SPEC CHECKSUMS:
  ChatLayout: c62af580b90f0c634af0685d11e2104efeab009d
  FPSCounter: 884afec377de66637808c4f52ecc3b85a404732b
  InputBarAccessoryView: 1d7b0a672b36e370f01f264b3907ef39d03328e3

PODFILE CHECKSUM: b406f621ed32b93810799957fddb734a8956d1f3

COCOAPODS: 1.17.0
