PODS:
  - ChatLayout (1.1.17):
    - ChatLayout/Ultimate (= 1.1.17)
  - ChatLayout/Core (1.1.17)
  - ChatLayout/Extras (1.1.17):
    - ChatLayout/Core
  - ChatLayout/Ultimate (1.1.17):
    - ChatLayout/Core
    - ChatLayout/Extras
  - DifferenceKit (1.2.0):
    - DifferenceKit/Core (= 1.2.0)
    - DifferenceKit/UIKitExtension (= 1.2.0)
  - DifferenceKit/Core (1.2.0)
  - DifferenceKit/UIKitExtension (1.2.0):
    - DifferenceKit/Core
  - FPSCounter (4.1.0)
  - InputBarAccessoryView (5.4.0):
    - InputBarAccessoryView/Core (= 5.4.0)
  - InputBarAccessoryView/Core (5.4.0)

DEPENDENCIES:
  - ChatLayout (from `../`)
  - DifferenceKit
  - FPSCounter (~> 4.0)
  - InputBarAccessoryView

SPEC REPOS:
  trunk:
    - DifferenceKit
    - FPSCounter
    - InputBarAccessoryView

EXTERNAL SOURCES:
  ChatLayout:
    :path: "../"

SPEC CHECKSUMS:
  ChatLayout: 7a1bb0300a65833605c0902b68e179817fecd9c6
  DifferenceKit: 5659c430bb7fe45876fa32ce5cba5d6167f0c805
  FPSCounter: 884afec377de66637808c4f52ecc3b85a404732b
  InputBarAccessoryView: 74d471ab1fa1736806be50328df79257e52865a9

PODFILE CHECKSUM: 8c714139f0a07a1f2169fe35aa2829ae446d122a

COCOAPODS: 1.11.2
