PODS:
  - ChatLayout (2.0.5):
    - ChatLayout/Ultimate (= 2.0.5)
  - ChatLayout/Core (2.0.5)
  - ChatLayout/Extras (2.0.5):
    - ChatLayout/Core
  - ChatLayout/Ultimate (2.0.5):
    - ChatLayout/Core
    - ChatLayout/Extras
  - DifferenceKit (1.3.0):
    - DifferenceKit/Core (= 1.3.0)
    - DifferenceKit/UIKitExtension (= 1.3.0)
  - DifferenceKit/Core (1.3.0)
  - DifferenceKit/UIKitExtension (1.3.0):
    - DifferenceKit/Core
  - FPSCounter (4.1.0)
  - InputBarAccessoryView (5.5.0):
    - InputBarAccessoryView/Core (= 5.5.0)
  - InputBarAccessoryView/Core (5.5.0)

DEPENDENCIES:
  - ChatLayout (from `../`)
  - DifferenceKit
  - FPSCounter (~> 4.0)
  - InputBarAccessoryView

SPEC REPOS:
  trunk:
    - DifferenceKit
    - FPSCounter
    - InputBarAccessoryView

EXTERNAL SOURCES:
  ChatLayout:
    :path: "../"

SPEC CHECKSUMS:
  ChatLayout: 73e77fd1d5f3ea46dfee7045804d00116395bf04
  DifferenceKit: ab185c4d7f9cef8af3fcf593e5b387fb81e999ca
  FPSCounter: 884afec377de66637808c4f52ecc3b85a404732b
  InputBarAccessoryView: 1d7b0a672b36e370f01f264b3907ef39d03328e3

PODFILE CHECKSUM: 0bbac6c60b293f3e90bba25beda75886a6fbcb05

COCOAPODS: 1.15.2
