// !$*UTF8*$!
{
	archiveVersion = 1;
	classes = {
	};
	objectVersion = 46;
	objects = {

/* Begin PBXBuildFile section */
		1BE540F15C168BCEAB24B916 /* DateAccessoryView.swift in Sources */ = {isa = PBXBuildFile; fileRef = 1BE542560FF01F7121E86D91 /* DateAccessoryView.swift */; };
		1BE5414502ACF8741EF496CD /* BezierBubbleController.swift in Sources */ = {isa = PBXBuildFile; fileRef = 1BE54F26FB528AA26139CF57 /* BezierBubbleController.swift */; };
		1BE5423ADDEC30417584C100 /* ImageMessageSource.swift in Sources */ = {isa = PBXBuildFile; fileRef = 1BE54555707622F43D0F70CF /* ImageMessageSource.swift */; };
		1BE542E819F317921A21472A /* CachingImageLoader.swift in Sources */ = {isa = PBXBuildFile; fileRef = 1BE545A58CC88CC261D6D6EB /* CachingImageLoader.swift */; };
		1BE544096F4D8B22904E10BE /* DifferenceKit+Extension.swift in Sources */ = {isa = PBXBuildFile; fileRef = 1BE54E2968B01DBE7ACF5737 /* DifferenceKit+Extension.swift */; };
		1BE544269CC3DC62CEB1D56E /* StateControllerInternalTests.swift in Sources */ = {isa = PBXBuildFile; fileRef = 1BE54A1413D0DCF3036C9508 /* StateControllerInternalTests.swift */; };
		1BE546BC2257F3C448BA54F2 /* KeyboardListener.swift in Sources */ = {isa = PBXBuildFile; fileRef = 1BE549842603653F31E6555B /* KeyboardListener.swift */; };
		1BE546DB3B8341357F3FD91E /* MainContainerView.swift in Sources */ = {isa = PBXBuildFile; fileRef = 1BE5431FCC8ECE314F3F4343 /* MainContainerView.swift */; };
		1BE5470A0DF3A73855F889F3 /* SetActor.swift in Sources */ = {isa = PBXBuildFile; fileRef = 1BE54C4BD41AD5FD82FFEB64 /* SetActor.swift */; };
		1BE54745DF4AD8A754F93E39 /* PersistentlyCacheable.swift in Sources */ = {isa = PBXBuildFile; fileRef = 1BE54F6AA8FA6A399EC2FC22 /* PersistentlyCacheable.swift */; };
		1BE5475E09C9696745B113F1 /* KeyboardListenerDelegate.swift in Sources */ = {isa = PBXBuildFile; fileRef = 1BE5496755DDC7FEAAF20F00 /* KeyboardListenerDelegate.swift */; };
		1BE547F2ACCB77CA75EDEA45 /* ProcessInfo+Extension.swift in Sources */ = {isa = PBXBuildFile; fileRef = 1BE545B9B5F30BA7924D9582 /* ProcessInfo+Extension.swift */; };
		1BE5486E03A837AE2F8457DA /* MockCollectionLayout.swift in Sources */ = {isa = PBXBuildFile; fileRef = 1BE5467A07C249BDD8C03D51 /* MockCollectionLayout.swift */; };
		1BE5496732EAB127C8019477 /* KeyboardInfo.swift in Sources */ = {isa = PBXBuildFile; fileRef = 1BE54438EB2C5DAB78ACB5F8 /* KeyboardInfo.swift */; };
		1BE54AC173D67905A2EF727B /* DefaultImageLoader.swift in Sources */ = {isa = PBXBuildFile; fileRef = 1BE54A4C633608F47B961133 /* DefaultImageLoader.swift */; };
		1BE54AF532AEF1F560A5A912 /* DateAccessoryController.swift in Sources */ = {isa = PBXBuildFile; fileRef = 1BE545F202AA9CBACB504941 /* DateAccessoryController.swift */; };
		1BE54BA96464B328D52322A1 /* ImageLoader.swift in Sources */ = {isa = PBXBuildFile; fileRef = 1BE5493CC008EE770BA9A22F /* ImageLoader.swift */; };
		1BE54BC5C70CB9FA1260B54D /* ChatDateFormatter.swift in Sources */ = {isa = PBXBuildFile; fileRef = 1BE544BF8E723F3D86B4D774 /* ChatDateFormatter.swift */; };
		1BE54C3A0AEA8365F02479C3 /* ManualAnimator.swift in Sources */ = {isa = PBXBuildFile; fileRef = 1BE5499F258CDCA615EA3460 /* ManualAnimator.swift */; };
		1BE54DBD5F84AF25128B6789 /* MockUICollectionViewUpdateItem.swift in Sources */ = {isa = PBXBuildFile; fileRef = 1BE5443B3AE1C502DEC3F805 /* MockUICollectionViewUpdateItem.swift */; };
		1BE54E0ABF0E8D9E61D2662B /* ChatViewControllerBuilder.swift in Sources */ = {isa = PBXBuildFile; fileRef = 1BE54241EB5DD7BC464607EE /* ChatViewControllerBuilder.swift */; };
		1BE54ECBD0FC824B71DE1044 /* UIView+Extension.swift in Sources */ = {isa = PBXBuildFile; fileRef = 1BE5411FF1A0B76EF404E0A1 /* UIView+Extension.swift */; };
		1BE54EDDBD81A201D12D68B8 /* SwipeNotifier.swift in Sources */ = {isa = PBXBuildFile; fileRef = 1BE545E2A0EB495C252F9478 /* SwipeNotifier.swift */; };
		1BE54F39DA113D0A9C7F54E7 /* BezierMaskedView.swift in Sources */ = {isa = PBXBuildFile; fileRef = 1BE544EA57EC941CB029E3BB /* BezierMaskedView.swift */; };
		1BE54FDB9836397E2694B9D7 /* HelpersTests.swift in Sources */ = {isa = PBXBuildFile; fileRef = 1BE542A452EBF25EC59440C0 /* HelpersTests.swift */; };
		4504F3F324FA66F600385590 /* Constants.swift in Sources */ = {isa = PBXBuildFile; fileRef = 4504F3AB24FA66F500385590 /* Constants.swift */; };
		4504F3F424FA66F600385590 /* ChatControllerDelegate.swift in Sources */ = {isa = PBXBuildFile; fileRef = 4504F3AD24FA66F500385590 /* ChatControllerDelegate.swift */; };
		4504F3F524FA66F600385590 /* DefaultChatController.swift in Sources */ = {isa = PBXBuildFile; fileRef = 4504F3AE24FA66F500385590 /* DefaultChatController.swift */; };
		4504F3F624FA66F600385590 /* ChatController.swift in Sources */ = {isa = PBXBuildFile; fileRef = 4504F3AF24FA66F500385590 /* ChatController.swift */; };
		4504F3F724FA66F600385590 /* DefaultRandomDataProvider.swift in Sources */ = {isa = PBXBuildFile; fileRef = 4504F3B124FA66F500385590 /* DefaultRandomDataProvider.swift */; };
		4504F3F824FA66F600385590 /* TypingState.swift in Sources */ = {isa = PBXBuildFile; fileRef = 4504F3B324FA66F500385590 /* TypingState.swift */; };
		4504F3F924FA66F600385590 /* Cell.swift in Sources */ = {isa = PBXBuildFile; fileRef = 4504F3B424FA66F500385590 /* Cell.swift */; };
		4504F3FA24FA66F600385590 /* Message.swift in Sources */ = {isa = PBXBuildFile; fileRef = 4504F3B524FA66F500385590 /* Message.swift */; };
		4504F3FB24FA66F600385590 /* User.swift in Sources */ = {isa = PBXBuildFile; fileRef = 4504F3B624FA66F500385590 /* User.swift */; };
		4504F3FC24FA66F600385590 /* Section.swift in Sources */ = {isa = PBXBuildFile; fileRef = 4504F3B724FA66F500385590 /* Section.swift */; };
		4504F3FD24FA66F600385590 /* RawMessage.swift in Sources */ = {isa = PBXBuildFile; fileRef = 4504F3B824FA66F500385590 /* RawMessage.swift */; };
		4504F3FE24FA66F600385590 /* CacheableImageKey.swift in Sources */ = {isa = PBXBuildFile; fileRef = 4504F3BB24FA66F500385590 /* CacheableImageKey.swift */; };
		4504F3FF24FA66F600385590 /* ImageForUrlCache.swift in Sources */ = {isa = PBXBuildFile; fileRef = 4504F3BC24FA66F500385590 /* ImageForUrlCache.swift */; };
		4504F40024FA66F600385590 /* AsyncKeyValueCaching.swift in Sources */ = {isa = PBXBuildFile; fileRef = 4504F3BE24FA66F500385590 /* AsyncKeyValueCaching.swift */; };
		4504F40124FA66F600385590 /* KeyValueCaching.swift in Sources */ = {isa = PBXBuildFile; fileRef = 4504F3BF24FA66F500385590 /* KeyValueCaching.swift */; };
		4504F40224FA66F600385590 /* IterativeCache.swift in Sources */ = {isa = PBXBuildFile; fileRef = 4504F3C124FA66F500385590 /* IterativeCache.swift */; };
		4504F40324FA66F600385590 /* MemoryDataCache.swift in Sources */ = {isa = PBXBuildFile; fileRef = 4504F3C224FA66F500385590 /* MemoryDataCache.swift */; };
		4504F40424FA66F600385590 /* PersistentDataCache.swift in Sources */ = {isa = PBXBuildFile; fileRef = 4504F3C324FA66F500385590 /* PersistentDataCache.swift */; };
		4504F40524FA66F600385590 /* MetaDataCache.swift in Sources */ = {isa = PBXBuildFile; fileRef = 4504F3C524FA66F500385590 /* MetaDataCache.swift */; };
		4504F40624FA66F600385590 /* CacheError.swift in Sources */ = {isa = PBXBuildFile; fileRef = 4504F3C624FA66F500385590 /* CacheError.swift */; };
		4504F40724FA66F600385590 /* TextGenerator.swift in Sources */ = {isa = PBXBuildFile; fileRef = 4504F3C724FA66F500385590 /* TextGenerator.swift */; };
		4504F40824FA66F600385590 /* Caches.swift in Sources */ = {isa = PBXBuildFile; fileRef = 4504F3C824FA66F500385590 /* Caches.swift */; };
		4504F40924FA66F600385590 /* ChatViewController.swift in Sources */ = {isa = PBXBuildFile; fileRef = 4504F3CA24FA66F500385590 /* ChatViewController.swift */; };
		4504F40A24FA66F600385590 /* StatusView.swift in Sources */ = {isa = PBXBuildFile; fileRef = 4504F3CC24FA66F500385590 /* StatusView.swift */; };
		4504F40B24FA66F600385590 /* ChatCollectionDataSource.swift in Sources */ = {isa = PBXBuildFile; fileRef = 4504F3CE24FA66F500385590 /* ChatCollectionDataSource.swift */; };
		4504F40C24FA66F600385590 /* DefaultChatCollectionDataSource.swift in Sources */ = {isa = PBXBuildFile; fileRef = 4504F3CF24FA66F500385590 /* DefaultChatCollectionDataSource.swift */; };
		4504F40D24FA66F600385590 /* TextMessageController.swift in Sources */ = {isa = PBXBuildFile; fileRef = 4504F3D124FA66F500385590 /* TextMessageController.swift */; };
		4504F40E24FA66F600385590 /* TextMessageView.swift in Sources */ = {isa = PBXBuildFile; fileRef = 4504F3D224FA66F500385590 /* TextMessageView.swift */; };
		4504F40F24FA66F600385590 /* BubbleController.swift in Sources */ = {isa = PBXBuildFile; fileRef = 4504F3D424FA66F500385590 /* BubbleController.swift */; };
		4504F41024FA66F600385590 /* TextBubbleController.swift in Sources */ = {isa = PBXBuildFile; fileRef = 4504F3D524FA66F500385590 /* TextBubbleController.swift */; };
		4504F41124FA66F600385590 /* FullCellContentBubbleController.swift in Sources */ = {isa = PBXBuildFile; fileRef = 4504F3D624FA66F500385590 /* FullCellContentBubbleController.swift */; };
		4504F41224FA66F600385590 /* EditNotifier.swift in Sources */ = {isa = PBXBuildFile; fileRef = 4504F3D724FA66F500385590 /* EditNotifier.swift */; };
		4504F41424FA66F600385590 /* EditNotifierDelegate.swift in Sources */ = {isa = PBXBuildFile; fileRef = 4504F3D924FA66F500385590 /* EditNotifierDelegate.swift */; };
		4504F41524FA66F600385590 /* AvatarPlaceholderView.swift in Sources */ = {isa = PBXBuildFile; fileRef = 4504F3DB24FA66F500385590 /* AvatarPlaceholderView.swift */; };
		4504F41624FA66F600385590 /* AvatarView.swift in Sources */ = {isa = PBXBuildFile; fileRef = 4504F3DC24FA66F500385590 /* AvatarView.swift */; };
		4504F41724FA66F600385590 /* AvatarViewController.swift in Sources */ = {isa = PBXBuildFile; fileRef = 4504F3DD24FA66F500385590 /* AvatarViewController.swift */; };
		4504F41824FA66F600385590 /* URLView.swift in Sources */ = {isa = PBXBuildFile; fileRef = 4504F3DF24FA66F500385590 /* URLView.swift */; };
		4504F41924FA66F600385590 /* URLController.swift in Sources */ = {isa = PBXBuildFile; fileRef = 4504F3E024FA66F500385590 /* URLController.swift */; };
		4504F41A24FA66F600385590 /* URLSource.swift in Sources */ = {isa = PBXBuildFile; fileRef = 4504F3E124FA66F500385590 /* URLSource.swift */; };
		4504F41B24FA66F600385590 /* ImageController.swift in Sources */ = {isa = PBXBuildFile; fileRef = 4504F3E324FA66F500385590 /* ImageController.swift */; };
		4504F42024FA66F600385590 /* ImageViewState.swift in Sources */ = {isa = PBXBuildFile; fileRef = 4504F3E924FA66F600385590 /* ImageViewState.swift */; };
		4504F42124FA66F600385590 /* ImageView.swift in Sources */ = {isa = PBXBuildFile; fileRef = 4504F3EA24FA66F600385590 /* ImageView.swift */; };
		4504F42224FA66F600385590 /* ReloadDelegate.swift in Sources */ = {isa = PBXBuildFile; fileRef = 4504F3EB24FA66F600385590 /* ReloadDelegate.swift */; };
		4504F42524FA66F600385590 /* EditingAccessoryController.swift in Sources */ = {isa = PBXBuildFile; fileRef = 4504F3F024FA66F600385590 /* EditingAccessoryController.swift */; };
		4504F42624FA66F600385590 /* EditingAccessoryView.swift in Sources */ = {isa = PBXBuildFile; fileRef = 4504F3F124FA66F600385590 /* EditingAccessoryView.swift */; };
		4504F42B24FA67F400385590 /* SceneDelegate.swift in Sources */ = {isa = PBXBuildFile; fileRef = 4504F42A24FA67F400385590 /* SceneDelegate.swift */; };
		4504F43024FA685E00385590 /* Assets.xcassets in Resources */ = {isa = PBXBuildFile; fileRef = 4504F42F24FA685E00385590 /* Assets.xcassets */; };
		607FACD61AFB9204008FA782 /* AppDelegate.swift in Sources */ = {isa = PBXBuildFile; fileRef = 607FACD51AFB9204008FA782 /* AppDelegate.swift */; };
		607FACE01AFB9204008FA782 /* LaunchScreen.xib in Resources */ = {isa = PBXBuildFile; fileRef = 607FACDE1AFB9204008FA782 /* LaunchScreen.xib */; };
		607FACEC1AFB9204008FA782 /* StateControllerProcessUpdatesTests.swift in Sources */ = {isa = PBXBuildFile; fileRef = 607FACEB1AFB9204008FA782 /* StateControllerProcessUpdatesTests.swift */; };
		D485620BBB16CFDEEEDE8C29 /* Pods_ChatLayout_Example.framework in Frameworks */ = {isa = PBXBuildFile; fileRef = 9B7D563FDE00BE672CF1F717 /* Pods_ChatLayout_Example.framework */; };
		D5A31E60E9BF6F8C13EDFDC5 /* PerformanceTests.swift in Sources */ = {isa = PBXBuildFile; fileRef = D5A31C93E56F2602C9BA605B /* PerformanceTests.swift */; };
		FC74F4BD95DB64DC36F0366B /* Pods_ChatLayout_Tests.framework in Frameworks */ = {isa = PBXBuildFile; fileRef = CB9EF31446D0BAF8EB59C573 /* Pods_ChatLayout_Tests.framework */; };
/* End PBXBuildFile section */

/* Begin PBXContainerItemProxy section */
		607FACE61AFB9204008FA782 /* PBXContainerItemProxy */ = {
			isa = PBXContainerItemProxy;
			containerPortal = 607FACC81AFB9204008FA782 /* Project object */;
			proxyType = 1;
			remoteGlobalIDString = 607FACCF1AFB9204008FA782;
			remoteInfo = ChatLayout;
		};
/* End PBXContainerItemProxy section */

/* Begin PBXFileReference section */
		1BE5411FF1A0B76EF404E0A1 /* UIView+Extension.swift */ = {isa = PBXFileReference; fileEncoding = 4; lastKnownFileType = sourcecode.swift; path = "UIView+Extension.swift"; sourceTree = "<group>"; };
		1BE54241EB5DD7BC464607EE /* ChatViewControllerBuilder.swift */ = {isa = PBXFileReference; fileEncoding = 4; lastKnownFileType = sourcecode.swift; path = ChatViewControllerBuilder.swift; sourceTree = "<group>"; };
		1BE542560FF01F7121E86D91 /* DateAccessoryView.swift */ = {isa = PBXFileReference; fileEncoding = 4; lastKnownFileType = sourcecode.swift; path = DateAccessoryView.swift; sourceTree = "<group>"; };
		1BE542A452EBF25EC59440C0 /* HelpersTests.swift */ = {isa = PBXFileReference; fileEncoding = 4; lastKnownFileType = sourcecode.swift; path = HelpersTests.swift; sourceTree = "<group>"; };
		1BE5431FCC8ECE314F3F4343 /* MainContainerView.swift */ = {isa = PBXFileReference; fileEncoding = 4; lastKnownFileType = sourcecode.swift; path = MainContainerView.swift; sourceTree = "<group>"; };
		1BE54438EB2C5DAB78ACB5F8 /* KeyboardInfo.swift */ = {isa = PBXFileReference; fileEncoding = 4; lastKnownFileType = sourcecode.swift; path = KeyboardInfo.swift; sourceTree = "<group>"; };
		1BE5443B3AE1C502DEC3F805 /* MockUICollectionViewUpdateItem.swift */ = {isa = PBXFileReference; fileEncoding = 4; lastKnownFileType = sourcecode.swift; path = MockUICollectionViewUpdateItem.swift; sourceTree = "<group>"; };
		1BE544BF8E723F3D86B4D774 /* ChatDateFormatter.swift */ = {isa = PBXFileReference; fileEncoding = 4; lastKnownFileType = sourcecode.swift; path = ChatDateFormatter.swift; sourceTree = "<group>"; };
		1BE544EA57EC941CB029E3BB /* BezierMaskedView.swift */ = {isa = PBXFileReference; fileEncoding = 4; lastKnownFileType = sourcecode.swift; path = BezierMaskedView.swift; sourceTree = "<group>"; };
		1BE54555707622F43D0F70CF /* ImageMessageSource.swift */ = {isa = PBXFileReference; fileEncoding = 4; lastKnownFileType = sourcecode.swift; path = ImageMessageSource.swift; sourceTree = "<group>"; };
		1BE545A58CC88CC261D6D6EB /* CachingImageLoader.swift */ = {isa = PBXFileReference; fileEncoding = 4; lastKnownFileType = sourcecode.swift; path = CachingImageLoader.swift; sourceTree = "<group>"; };
		1BE545B9B5F30BA7924D9582 /* ProcessInfo+Extension.swift */ = {isa = PBXFileReference; fileEncoding = 4; lastKnownFileType = sourcecode.swift; path = "ProcessInfo+Extension.swift"; sourceTree = "<group>"; };
		1BE545E2A0EB495C252F9478 /* SwipeNotifier.swift */ = {isa = PBXFileReference; fileEncoding = 4; lastKnownFileType = sourcecode.swift; path = SwipeNotifier.swift; sourceTree = "<group>"; };
		1BE545F202AA9CBACB504941 /* DateAccessoryController.swift */ = {isa = PBXFileReference; fileEncoding = 4; lastKnownFileType = sourcecode.swift; path = DateAccessoryController.swift; sourceTree = "<group>"; };
		1BE5467A07C249BDD8C03D51 /* MockCollectionLayout.swift */ = {isa = PBXFileReference; fileEncoding = 4; lastKnownFileType = sourcecode.swift; path = MockCollectionLayout.swift; sourceTree = "<group>"; };
		1BE5493CC008EE770BA9A22F /* ImageLoader.swift */ = {isa = PBXFileReference; fileEncoding = 4; lastKnownFileType = sourcecode.swift; path = ImageLoader.swift; sourceTree = "<group>"; };
		1BE5496755DDC7FEAAF20F00 /* KeyboardListenerDelegate.swift */ = {isa = PBXFileReference; fileEncoding = 4; lastKnownFileType = sourcecode.swift; path = KeyboardListenerDelegate.swift; sourceTree = "<group>"; };
		1BE549842603653F31E6555B /* KeyboardListener.swift */ = {isa = PBXFileReference; fileEncoding = 4; lastKnownFileType = sourcecode.swift; path = KeyboardListener.swift; sourceTree = "<group>"; };
		1BE5499F258CDCA615EA3460 /* ManualAnimator.swift */ = {isa = PBXFileReference; fileEncoding = 4; lastKnownFileType = sourcecode.swift; path = ManualAnimator.swift; sourceTree = "<group>"; };
		1BE54A1413D0DCF3036C9508 /* StateControllerInternalTests.swift */ = {isa = PBXFileReference; fileEncoding = 4; lastKnownFileType = sourcecode.swift; path = StateControllerInternalTests.swift; sourceTree = "<group>"; };
		1BE54A4C633608F47B961133 /* DefaultImageLoader.swift */ = {isa = PBXFileReference; fileEncoding = 4; lastKnownFileType = sourcecode.swift; path = DefaultImageLoader.swift; sourceTree = "<group>"; };
		1BE54C4BD41AD5FD82FFEB64 /* SetActor.swift */ = {isa = PBXFileReference; fileEncoding = 4; lastKnownFileType = sourcecode.swift; path = SetActor.swift; sourceTree = "<group>"; };
		1BE54E2968B01DBE7ACF5737 /* DifferenceKit+Extension.swift */ = {isa = PBXFileReference; fileEncoding = 4; lastKnownFileType = sourcecode.swift; path = "DifferenceKit+Extension.swift"; sourceTree = "<group>"; };
		1BE54F26FB528AA26139CF57 /* BezierBubbleController.swift */ = {isa = PBXFileReference; fileEncoding = 4; lastKnownFileType = sourcecode.swift; path = BezierBubbleController.swift; sourceTree = "<group>"; };
		1BE54F6AA8FA6A399EC2FC22 /* PersistentlyCacheable.swift */ = {isa = PBXFileReference; fileEncoding = 4; lastKnownFileType = sourcecode.swift; path = PersistentlyCacheable.swift; sourceTree = "<group>"; };
		418AFD15C61B422645E641EC /* Pods-ChatLayout_Tests.release.xcconfig */ = {isa = PBXFileReference; includeInIndex = 1; lastKnownFileType = text.xcconfig; name = "Pods-ChatLayout_Tests.release.xcconfig"; path = "Target Support Files/Pods-ChatLayout_Tests/Pods-ChatLayout_Tests.release.xcconfig"; sourceTree = "<group>"; };
		4504F3AB24FA66F500385590 /* Constants.swift */ = {isa = PBXFileReference; fileEncoding = 4; lastKnownFileType = sourcecode.swift; path = Constants.swift; sourceTree = "<group>"; };
		4504F3AD24FA66F500385590 /* ChatControllerDelegate.swift */ = {isa = PBXFileReference; fileEncoding = 4; lastKnownFileType = sourcecode.swift; path = ChatControllerDelegate.swift; sourceTree = "<group>"; };
		4504F3AE24FA66F500385590 /* DefaultChatController.swift */ = {isa = PBXFileReference; fileEncoding = 4; lastKnownFileType = sourcecode.swift; path = DefaultChatController.swift; sourceTree = "<group>"; };
		4504F3AF24FA66F500385590 /* ChatController.swift */ = {isa = PBXFileReference; fileEncoding = 4; lastKnownFileType = sourcecode.swift; path = ChatController.swift; sourceTree = "<group>"; };
		4504F3B124FA66F500385590 /* DefaultRandomDataProvider.swift */ = {isa = PBXFileReference; fileEncoding = 4; lastKnownFileType = sourcecode.swift; path = DefaultRandomDataProvider.swift; sourceTree = "<group>"; };
		4504F3B324FA66F500385590 /* TypingState.swift */ = {isa = PBXFileReference; fileEncoding = 4; lastKnownFileType = sourcecode.swift; path = TypingState.swift; sourceTree = "<group>"; };
		4504F3B424FA66F500385590 /* Cell.swift */ = {isa = PBXFileReference; fileEncoding = 4; lastKnownFileType = sourcecode.swift; path = Cell.swift; sourceTree = "<group>"; };
		4504F3B524FA66F500385590 /* Message.swift */ = {isa = PBXFileReference; fileEncoding = 4; lastKnownFileType = sourcecode.swift; path = Message.swift; sourceTree = "<group>"; };
		4504F3B624FA66F500385590 /* User.swift */ = {isa = PBXFileReference; fileEncoding = 4; lastKnownFileType = sourcecode.swift; path = User.swift; sourceTree = "<group>"; };
		4504F3B724FA66F500385590 /* Section.swift */ = {isa = PBXFileReference; fileEncoding = 4; lastKnownFileType = sourcecode.swift; path = Section.swift; sourceTree = "<group>"; };
		4504F3B824FA66F500385590 /* RawMessage.swift */ = {isa = PBXFileReference; fileEncoding = 4; lastKnownFileType = sourcecode.swift; path = RawMessage.swift; sourceTree = "<group>"; };
		4504F3BB24FA66F500385590 /* CacheableImageKey.swift */ = {isa = PBXFileReference; fileEncoding = 4; lastKnownFileType = sourcecode.swift; path = CacheableImageKey.swift; sourceTree = "<group>"; };
		4504F3BC24FA66F500385590 /* ImageForUrlCache.swift */ = {isa = PBXFileReference; fileEncoding = 4; lastKnownFileType = sourcecode.swift; path = ImageForUrlCache.swift; sourceTree = "<group>"; };
		4504F3BE24FA66F500385590 /* AsyncKeyValueCaching.swift */ = {isa = PBXFileReference; fileEncoding = 4; lastKnownFileType = sourcecode.swift; path = AsyncKeyValueCaching.swift; sourceTree = "<group>"; };
		4504F3BF24FA66F500385590 /* KeyValueCaching.swift */ = {isa = PBXFileReference; fileEncoding = 4; lastKnownFileType = sourcecode.swift; path = KeyValueCaching.swift; sourceTree = "<group>"; };
		4504F3C124FA66F500385590 /* IterativeCache.swift */ = {isa = PBXFileReference; fileEncoding = 4; lastKnownFileType = sourcecode.swift; path = IterativeCache.swift; sourceTree = "<group>"; };
		4504F3C224FA66F500385590 /* MemoryDataCache.swift */ = {isa = PBXFileReference; fileEncoding = 4; lastKnownFileType = sourcecode.swift; path = MemoryDataCache.swift; sourceTree = "<group>"; };
		4504F3C324FA66F500385590 /* PersistentDataCache.swift */ = {isa = PBXFileReference; fileEncoding = 4; lastKnownFileType = sourcecode.swift; path = PersistentDataCache.swift; sourceTree = "<group>"; };
		4504F3C524FA66F500385590 /* MetaDataCache.swift */ = {isa = PBXFileReference; fileEncoding = 4; lastKnownFileType = sourcecode.swift; path = MetaDataCache.swift; sourceTree = "<group>"; };
		4504F3C624FA66F500385590 /* CacheError.swift */ = {isa = PBXFileReference; fileEncoding = 4; lastKnownFileType = sourcecode.swift; path = CacheError.swift; sourceTree = "<group>"; };
		4504F3C724FA66F500385590 /* TextGenerator.swift */ = {isa = PBXFileReference; fileEncoding = 4; lastKnownFileType = sourcecode.swift; path = TextGenerator.swift; sourceTree = "<group>"; };
		4504F3C824FA66F500385590 /* Caches.swift */ = {isa = PBXFileReference; fileEncoding = 4; lastKnownFileType = sourcecode.swift; path = Caches.swift; sourceTree = "<group>"; };
		4504F3CA24FA66F500385590 /* ChatViewController.swift */ = {isa = PBXFileReference; fileEncoding = 4; lastKnownFileType = sourcecode.swift; path = ChatViewController.swift; sourceTree = "<group>"; };
		4504F3CC24FA66F500385590 /* StatusView.swift */ = {isa = PBXFileReference; fileEncoding = 4; lastKnownFileType = sourcecode.swift; path = StatusView.swift; sourceTree = "<group>"; };
		4504F3CE24FA66F500385590 /* ChatCollectionDataSource.swift */ = {isa = PBXFileReference; fileEncoding = 4; lastKnownFileType = sourcecode.swift; path = ChatCollectionDataSource.swift; sourceTree = "<group>"; };
		4504F3CF24FA66F500385590 /* DefaultChatCollectionDataSource.swift */ = {isa = PBXFileReference; fileEncoding = 4; lastKnownFileType = sourcecode.swift; path = DefaultChatCollectionDataSource.swift; sourceTree = "<group>"; };
		4504F3D124FA66F500385590 /* TextMessageController.swift */ = {isa = PBXFileReference; fileEncoding = 4; lastKnownFileType = sourcecode.swift; path = TextMessageController.swift; sourceTree = "<group>"; };
		4504F3D224FA66F500385590 /* TextMessageView.swift */ = {isa = PBXFileReference; fileEncoding = 4; lastKnownFileType = sourcecode.swift; path = TextMessageView.swift; sourceTree = "<group>"; };
		4504F3D424FA66F500385590 /* BubbleController.swift */ = {isa = PBXFileReference; fileEncoding = 4; lastKnownFileType = sourcecode.swift; path = BubbleController.swift; sourceTree = "<group>"; };
		4504F3D524FA66F500385590 /* TextBubbleController.swift */ = {isa = PBXFileReference; fileEncoding = 4; lastKnownFileType = sourcecode.swift; path = TextBubbleController.swift; sourceTree = "<group>"; };
		4504F3D624FA66F500385590 /* FullCellContentBubbleController.swift */ = {isa = PBXFileReference; fileEncoding = 4; lastKnownFileType = sourcecode.swift; path = FullCellContentBubbleController.swift; sourceTree = "<group>"; };
		4504F3D724FA66F500385590 /* EditNotifier.swift */ = {isa = PBXFileReference; fileEncoding = 4; lastKnownFileType = sourcecode.swift; path = EditNotifier.swift; sourceTree = "<group>"; };
		4504F3D924FA66F500385590 /* EditNotifierDelegate.swift */ = {isa = PBXFileReference; fileEncoding = 4; lastKnownFileType = sourcecode.swift; path = EditNotifierDelegate.swift; sourceTree = "<group>"; };
		4504F3DB24FA66F500385590 /* AvatarPlaceholderView.swift */ = {isa = PBXFileReference; fileEncoding = 4; lastKnownFileType = sourcecode.swift; path = AvatarPlaceholderView.swift; sourceTree = "<group>"; };
		4504F3DC24FA66F500385590 /* AvatarView.swift */ = {isa = PBXFileReference; fileEncoding = 4; lastKnownFileType = sourcecode.swift; path = AvatarView.swift; sourceTree = "<group>"; };
		4504F3DD24FA66F500385590 /* AvatarViewController.swift */ = {isa = PBXFileReference; fileEncoding = 4; lastKnownFileType = sourcecode.swift; path = AvatarViewController.swift; sourceTree = "<group>"; };
		4504F3DF24FA66F500385590 /* URLView.swift */ = {isa = PBXFileReference; fileEncoding = 4; lastKnownFileType = sourcecode.swift; path = URLView.swift; sourceTree = "<group>"; };
		4504F3E024FA66F500385590 /* URLController.swift */ = {isa = PBXFileReference; fileEncoding = 4; lastKnownFileType = sourcecode.swift; path = URLController.swift; sourceTree = "<group>"; };
		4504F3E124FA66F500385590 /* URLSource.swift */ = {isa = PBXFileReference; fileEncoding = 4; lastKnownFileType = sourcecode.swift; path = URLSource.swift; sourceTree = "<group>"; };
		4504F3E324FA66F500385590 /* ImageController.swift */ = {isa = PBXFileReference; fileEncoding = 4; lastKnownFileType = sourcecode.swift; path = ImageController.swift; sourceTree = "<group>"; };
		4504F3E924FA66F600385590 /* ImageViewState.swift */ = {isa = PBXFileReference; fileEncoding = 4; lastKnownFileType = sourcecode.swift; path = ImageViewState.swift; sourceTree = "<group>"; };
		4504F3EA24FA66F600385590 /* ImageView.swift */ = {isa = PBXFileReference; fileEncoding = 4; lastKnownFileType = sourcecode.swift; path = ImageView.swift; sourceTree = "<group>"; };
		4504F3EB24FA66F600385590 /* ReloadDelegate.swift */ = {isa = PBXFileReference; fileEncoding = 4; lastKnownFileType = sourcecode.swift; path = ReloadDelegate.swift; sourceTree = "<group>"; };
		4504F3F024FA66F600385590 /* EditingAccessoryController.swift */ = {isa = PBXFileReference; fileEncoding = 4; lastKnownFileType = sourcecode.swift; path = EditingAccessoryController.swift; sourceTree = "<group>"; };
		4504F3F124FA66F600385590 /* EditingAccessoryView.swift */ = {isa = PBXFileReference; fileEncoding = 4; lastKnownFileType = sourcecode.swift; path = EditingAccessoryView.swift; sourceTree = "<group>"; };
		4504F42A24FA67F400385590 /* SceneDelegate.swift */ = {isa = PBXFileReference; fileEncoding = 4; lastKnownFileType = sourcecode.swift; path = SceneDelegate.swift; sourceTree = "<group>"; };
		4504F42F24FA685E00385590 /* Assets.xcassets */ = {isa = PBXFileReference; lastKnownFileType = folder.assetcatalog; path = Assets.xcassets; sourceTree = "<group>"; };
		459D40772562C13A0057C476 /* ChatLayout_Example.entitlements */ = {isa = PBXFileReference; lastKnownFileType = text.plist.entitlements; path = ChatLayout_Example.entitlements; sourceTree = "<group>"; };
		607FACD01AFB9204008FA782 /* ChatLayout_Example.app */ = {isa = PBXFileReference; explicitFileType = wrapper.application; includeInIndex = 0; path = ChatLayout_Example.app; sourceTree = BUILT_PRODUCTS_DIR; };
		607FACD41AFB9204008FA782 /* Info.plist */ = {isa = PBXFileReference; lastKnownFileType = text.plist.xml; path = Info.plist; sourceTree = "<group>"; };
		607FACD51AFB9204008FA782 /* AppDelegate.swift */ = {isa = PBXFileReference; lastKnownFileType = sourcecode.swift; path = AppDelegate.swift; sourceTree = "<group>"; };
		607FACDF1AFB9204008FA782 /* Base */ = {isa = PBXFileReference; lastKnownFileType = file.xib; name = Base; path = Base.lproj/LaunchScreen.xib; sourceTree = "<group>"; };
		607FACE51AFB9204008FA782 /* ChatLayout_Tests.xctest */ = {isa = PBXFileReference; explicitFileType = wrapper.cfbundle; includeInIndex = 0; path = ChatLayout_Tests.xctest; sourceTree = BUILT_PRODUCTS_DIR; };
		607FACEA1AFB9204008FA782 /* Info.plist */ = {isa = PBXFileReference; lastKnownFileType = text.plist.xml; path = Info.plist; sourceTree = "<group>"; };
		607FACEB1AFB9204008FA782 /* StateControllerProcessUpdatesTests.swift */ = {isa = PBXFileReference; lastKnownFileType = sourcecode.swift; path = StateControllerProcessUpdatesTests.swift; sourceTree = "<group>"; };
		64592CA533CB86F42E40CA80 /* Pods-ChatLayout_Example.debug.xcconfig */ = {isa = PBXFileReference; includeInIndex = 1; lastKnownFileType = text.xcconfig; name = "Pods-ChatLayout_Example.debug.xcconfig"; path = "Target Support Files/Pods-ChatLayout_Example/Pods-ChatLayout_Example.debug.xcconfig"; sourceTree = "<group>"; };
		9B7D563FDE00BE672CF1F717 /* Pods_ChatLayout_Example.framework */ = {isa = PBXFileReference; explicitFileType = wrapper.framework; includeInIndex = 0; path = Pods_ChatLayout_Example.framework; sourceTree = BUILT_PRODUCTS_DIR; };
		9CA6A2F5631E2814924C15C5 /* Pods-ChatLayout_Tests.debug.xcconfig */ = {isa = PBXFileReference; includeInIndex = 1; lastKnownFileType = text.xcconfig; name = "Pods-ChatLayout_Tests.debug.xcconfig"; path = "Target Support Files/Pods-ChatLayout_Tests/Pods-ChatLayout_Tests.debug.xcconfig"; sourceTree = "<group>"; };
		A7BC3E7EC6986752E73178A2 /* ChatLayout.podspec */ = {isa = PBXFileReference; includeInIndex = 1; lastKnownFileType = text; name = ChatLayout.podspec; path = ../ChatLayout.podspec; sourceTree = "<group>"; };
		B20283D68C00BDE38B8AB8BE /* LICENSE */ = {isa = PBXFileReference; includeInIndex = 1; lastKnownFileType = text; name = LICENSE; path = ../LICENSE; sourceTree = "<group>"; };
		B520747F8C032C454221D1EC /* README.md */ = {isa = PBXFileReference; includeInIndex = 1; lastKnownFileType = net.daringfireball.markdown; name = README.md; path = ../README.md; sourceTree = "<group>"; };
		C30FBDDA4ED69A793C4209D7 /* Pods-ChatLayout_Example.release.xcconfig */ = {isa = PBXFileReference; includeInIndex = 1; lastKnownFileType = text.xcconfig; name = "Pods-ChatLayout_Example.release.xcconfig"; path = "Target Support Files/Pods-ChatLayout_Example/Pods-ChatLayout_Example.release.xcconfig"; sourceTree = "<group>"; };
		CB9EF31446D0BAF8EB59C573 /* Pods_ChatLayout_Tests.framework */ = {isa = PBXFileReference; explicitFileType = wrapper.framework; includeInIndex = 0; path = Pods_ChatLayout_Tests.framework; sourceTree = BUILT_PRODUCTS_DIR; };
		D5A31C93E56F2602C9BA605B /* PerformanceTests.swift */ = {isa = PBXFileReference; fileEncoding = 4; lastKnownFileType = sourcecode.swift; path = PerformanceTests.swift; sourceTree = "<group>"; };
/* End PBXFileReference section */

/* Begin PBXFrameworksBuildPhase section */
		607FACCD1AFB9204008FA782 /* Frameworks */ = {
			isa = PBXFrameworksBuildPhase;
			buildActionMask = 2147483647;
			files = (
				D485620BBB16CFDEEEDE8C29 /* Pods_ChatLayout_Example.framework in Frameworks */,
			);
			runOnlyForDeploymentPostprocessing = 0;
		};
		607FACE21AFB9204008FA782 /* Frameworks */ = {
			isa = PBXFrameworksBuildPhase;
			buildActionMask = 2147483647;
			files = (
				FC74F4BD95DB64DC36F0366B /* Pods_ChatLayout_Tests.framework in Frameworks */,
			);
			runOnlyForDeploymentPostprocessing = 0;
		};
/* End PBXFrameworksBuildPhase section */

/* Begin PBXGroup section */
		1BE54045B95D5085108FD967 /* Date Accessory View */ = {
			isa = PBXGroup;
			children = (
				1BE542560FF01F7121E86D91 /* DateAccessoryView.swift */,
				1BE545F202AA9CBACB504941 /* DateAccessoryController.swift */,
			);
			path = "Date Accessory View";
			sourceTree = "<group>";
		};
		1BE540E9A9171A6A6963B55E /* Image Loader */ = {
			isa = PBXGroup;
			children = (
				1BE545A58CC88CC261D6D6EB /* CachingImageLoader.swift */,
				1BE5493CC008EE770BA9A22F /* ImageLoader.swift */,
				1BE54A4C633608F47B961133 /* DefaultImageLoader.swift */,
				1BE54555707622F43D0F70CF /* ImageMessageSource.swift */,
			);
			path = "Image Loader";
			sourceTree = "<group>";
		};
		1BE541F5DB44ACA486AEF8BE /* Helpers */ = {
			isa = PBXGroup;
			children = (
				1BE54C4BD41AD5FD82FFEB64 /* SetActor.swift */,
				1BE54E2968B01DBE7ACF5737 /* DifferenceKit+Extension.swift */,
			);
			path = Helpers;
			sourceTree = "<group>";
		};
		1BE54381A061C28917DD72C8 /* Keyboard */ = {
			isa = PBXGroup;
			children = (
				1BE549842603653F31E6555B /* KeyboardListener.swift */,
				1BE5496755DDC7FEAAF20F00 /* KeyboardListenerDelegate.swift */,
				1BE54438EB2C5DAB78ACB5F8 /* KeyboardInfo.swift */,
			);
			path = Keyboard;
			sourceTree = "<group>";
		};
		1BE54E2EEA9F69AC301137BC /* Builder */ = {
			isa = PBXGroup;
			children = (
				1BE54241EB5DD7BC464607EE /* ChatViewControllerBuilder.swift */,
			);
			path = Builder;
			sourceTree = "<group>";
		};
		4504F3AA24FA66F500385590 /* Chat */ = {
			isa = PBXGroup;
			children = (
				4504F3AB24FA66F500385590 /* Constants.swift */,
				4504F3AC24FA66F500385590 /* Controller */,
				4504F3B024FA66F500385590 /* Model */,
				4504F3C924FA66F500385590 /* View */,
				1BE54E2EEA9F69AC301137BC /* Builder */,
			);
			path = Chat;
			sourceTree = "<group>";
		};
		4504F3AC24FA66F500385590 /* Controller */ = {
			isa = PBXGroup;
			children = (
				4504F3AD24FA66F500385590 /* ChatControllerDelegate.swift */,
				4504F3AE24FA66F500385590 /* DefaultChatController.swift */,
				4504F3AF24FA66F500385590 /* ChatController.swift */,
				1BE541F5DB44ACA486AEF8BE /* Helpers */,
				1BE540E9A9171A6A6963B55E /* Image Loader */,
				1BE54381A061C28917DD72C8 /* Keyboard */,
			);
			path = Controller;
			sourceTree = "<group>";
		};
		4504F3B024FA66F500385590 /* Model */ = {
			isa = PBXGroup;
			children = (
				4504F3B124FA66F500385590 /* DefaultRandomDataProvider.swift */,
				4504F3B224FA66F500385590 /* Data Objects */,
				4504F3B924FA66F500385590 /* Caching */,
				4504F3C724FA66F500385590 /* TextGenerator.swift */,
				4504F3C824FA66F500385590 /* Caches.swift */,
				1BE544BF8E723F3D86B4D774 /* ChatDateFormatter.swift */,
			);
			path = Model;
			sourceTree = "<group>";
		};
		4504F3B224FA66F500385590 /* Data Objects */ = {
			isa = PBXGroup;
			children = (
				4504F3B324FA66F500385590 /* TypingState.swift */,
				4504F3B424FA66F500385590 /* Cell.swift */,
				4504F3B524FA66F500385590 /* Message.swift */,
				4504F3B624FA66F500385590 /* User.swift */,
				4504F3B724FA66F500385590 /* Section.swift */,
				4504F3B824FA66F500385590 /* RawMessage.swift */,
			);
			path = "Data Objects";
			sourceTree = "<group>";
		};
		4504F3B924FA66F500385590 /* Caching */ = {
			isa = PBXGroup;
			children = (
				4504F3BA24FA66F500385590 /* Image */,
				4504F3BE24FA66F500385590 /* AsyncKeyValueCaching.swift */,
				4504F3BF24FA66F500385590 /* KeyValueCaching.swift */,
				4504F3C024FA66F500385590 /* Data */,
				4504F3C424FA66F500385590 /* Metadata */,
				4504F3C624FA66F500385590 /* CacheError.swift */,
			);
			path = Caching;
			sourceTree = "<group>";
		};
		4504F3BA24FA66F500385590 /* Image */ = {
			isa = PBXGroup;
			children = (
				4504F3BB24FA66F500385590 /* CacheableImageKey.swift */,
				4504F3BC24FA66F500385590 /* ImageForUrlCache.swift */,
			);
			path = Image;
			sourceTree = "<group>";
		};
		4504F3C024FA66F500385590 /* Data */ = {
			isa = PBXGroup;
			children = (
				4504F3C124FA66F500385590 /* IterativeCache.swift */,
				4504F3C224FA66F500385590 /* MemoryDataCache.swift */,
				4504F3C324FA66F500385590 /* PersistentDataCache.swift */,
				1BE54F6AA8FA6A399EC2FC22 /* PersistentlyCacheable.swift */,
			);
			path = Data;
			sourceTree = "<group>";
		};
		4504F3C424FA66F500385590 /* Metadata */ = {
			isa = PBXGroup;
			children = (
				4504F3C524FA66F500385590 /* MetaDataCache.swift */,
			);
			path = Metadata;
			sourceTree = "<group>";
		};
		4504F3C924FA66F500385590 /* View */ = {
			isa = PBXGroup;
			children = (
				4504F3CA24FA66F500385590 /* ChatViewController.swift */,
				4504F3CB24FA66F500385590 /* Status View */,
				4504F3CD24FA66F500385590 /* Data Source */,
				4504F3D024FA66F500385590 /* Text Message View */,
				4504F3D324FA66F500385590 /* Other */,
				4504F3DA24FA66F500385590 /* Avatar View */,
				4504F3DE24FA66F500385590 /* URL View */,
				4504F3E224FA66F500385590 /* Image View */,
				4504F3EB24FA66F600385590 /* ReloadDelegate.swift */,
				4504F3EF24FA66F600385590 /* Editing Accessory View */,
				1BE54045B95D5085108FD967 /* Date Accessory View */,
			);
			path = View;
			sourceTree = "<group>";
		};
		4504F3CB24FA66F500385590 /* Status View */ = {
			isa = PBXGroup;
			children = (
				4504F3CC24FA66F500385590 /* StatusView.swift */,
			);
			path = "Status View";
			sourceTree = "<group>";
		};
		4504F3CD24FA66F500385590 /* Data Source */ = {
			isa = PBXGroup;
			children = (
				4504F3CE24FA66F500385590 /* ChatCollectionDataSource.swift */,
				4504F3CF24FA66F500385590 /* DefaultChatCollectionDataSource.swift */,
			);
			path = "Data Source";
			sourceTree = "<group>";
		};
		4504F3D024FA66F500385590 /* Text Message View */ = {
			isa = PBXGroup;
			children = (
				4504F3D124FA66F500385590 /* TextMessageController.swift */,
				4504F3D224FA66F500385590 /* TextMessageView.swift */,
			);
			path = "Text Message View";
			sourceTree = "<group>";
		};
		4504F3D324FA66F500385590 /* Other */ = {
			isa = PBXGroup;
			children = (
				4504F3D424FA66F500385590 /* BubbleController.swift */,
				4504F3D524FA66F500385590 /* TextBubbleController.swift */,
				4504F3D624FA66F500385590 /* FullCellContentBubbleController.swift */,
				4504F3D724FA66F500385590 /* EditNotifier.swift */,
				4504F3D924FA66F500385590 /* EditNotifierDelegate.swift */,
				1BE5411FF1A0B76EF404E0A1 /* UIView+Extension.swift */,
				1BE5499F258CDCA615EA3460 /* ManualAnimator.swift */,
				1BE544EA57EC941CB029E3BB /* BezierMaskedView.swift */,
				1BE54F26FB528AA26139CF57 /* BezierBubbleController.swift */,
				1BE5431FCC8ECE314F3F4343 /* MainContainerView.swift */,
				1BE545E2A0EB495C252F9478 /* SwipeNotifier.swift */,
			);
			path = Other;
			sourceTree = "<group>";
		};
		4504F3DA24FA66F500385590 /* Avatar View */ = {
			isa = PBXGroup;
			children = (
				4504F3DB24FA66F500385590 /* AvatarPlaceholderView.swift */,
				4504F3DC24FA66F500385590 /* AvatarView.swift */,
				4504F3DD24FA66F500385590 /* AvatarViewController.swift */,
			);
			path = "Avatar View";
			sourceTree = "<group>";
		};
		4504F3DE24FA66F500385590 /* URL View */ = {
			isa = PBXGroup;
			children = (
				4504F3DF24FA66F500385590 /* URLView.swift */,
				4504F3E024FA66F500385590 /* URLController.swift */,
				4504F3E124FA66F500385590 /* URLSource.swift */,
			);
			path = "URL View";
			sourceTree = "<group>";
		};
		4504F3E224FA66F500385590 /* Image View */ = {
			isa = PBXGroup;
			children = (
				4504F3E324FA66F500385590 /* ImageController.swift */,
				4504F3E924FA66F600385590 /* ImageViewState.swift */,
				4504F3EA24FA66F600385590 /* ImageView.swift */,
			);
			path = "Image View";
			sourceTree = "<group>";
		};
		4504F3EF24FA66F600385590 /* Editing Accessory View */ = {
			isa = PBXGroup;
			children = (
				4504F3F024FA66F600385590 /* EditingAccessoryController.swift */,
				4504F3F124FA66F600385590 /* EditingAccessoryView.swift */,
			);
			path = "Editing Accessory View";
			sourceTree = "<group>";
		};
		607FACC71AFB9204008FA782 = {
			isa = PBXGroup;
			children = (
				459D40772562C13A0057C476 /* ChatLayout_Example.entitlements */,
				607FACF51AFB993E008FA782 /* Podspec Metadata */,
				607FACD21AFB9204008FA782 /* Example for ChatLayout */,
				607FACE81AFB9204008FA782 /* Tests */,
				607FACD11AFB9204008FA782 /* Products */,
				63E07AD6381AFC13D408A778 /* Pods */,
				7D334692858F3045023B1FFC /* Frameworks */,
			);
			sourceTree = "<group>";
		};
		607FACD11AFB9204008FA782 /* Products */ = {
			isa = PBXGroup;
			children = (
				607FACD01AFB9204008FA782 /* ChatLayout_Example.app */,
				607FACE51AFB9204008FA782 /* ChatLayout_Tests.xctest */,
			);
			name = Products;
			sourceTree = "<group>";
		};
		607FACD21AFB9204008FA782 /* Example for ChatLayout */ = {
			isa = PBXGroup;
			children = (
				4504F3AA24FA66F500385590 /* Chat */,
				607FACD51AFB9204008FA782 /* AppDelegate.swift */,
				4504F42A24FA67F400385590 /* SceneDelegate.swift */,
				4504F42F24FA685E00385590 /* Assets.xcassets */,
				607FACDE1AFB9204008FA782 /* LaunchScreen.xib */,
				607FACD31AFB9204008FA782 /* Supporting Files */,
				1BE545B9B5F30BA7924D9582 /* ProcessInfo+Extension.swift */,
			);
			name = "Example for ChatLayout";
			path = ChatLayout;
			sourceTree = "<group>";
		};
		607FACD31AFB9204008FA782 /* Supporting Files */ = {
			isa = PBXGroup;
			children = (
				607FACD41AFB9204008FA782 /* Info.plist */,
			);
			name = "Supporting Files";
			sourceTree = "<group>";
		};
		607FACE81AFB9204008FA782 /* Tests */ = {
			isa = PBXGroup;
			children = (
				607FACE91AFB9204008FA782 /* Supporting Files */,
				607FACEB1AFB9204008FA782 /* StateControllerProcessUpdatesTests.swift */,
				1BE5467A07C249BDD8C03D51 /* MockCollectionLayout.swift */,
				1BE5443B3AE1C502DEC3F805 /* MockUICollectionViewUpdateItem.swift */,
				1BE54A1413D0DCF3036C9508 /* StateControllerInternalTests.swift */,
				1BE542A452EBF25EC59440C0 /* HelpersTests.swift */,
				D5A31C93E56F2602C9BA605B /* PerformanceTests.swift */,
			);
			path = Tests;
			sourceTree = "<group>";
		};
		607FACE91AFB9204008FA782 /* Supporting Files */ = {
			isa = PBXGroup;
			children = (
				607FACEA1AFB9204008FA782 /* Info.plist */,
			);
			name = "Supporting Files";
			sourceTree = "<group>";
		};
		607FACF51AFB993E008FA782 /* Podspec Metadata */ = {
			isa = PBXGroup;
			children = (
				A7BC3E7EC6986752E73178A2 /* ChatLayout.podspec */,
				B520747F8C032C454221D1EC /* README.md */,
				B20283D68C00BDE38B8AB8BE /* LICENSE */,
			);
			name = "Podspec Metadata";
			sourceTree = "<group>";
		};
		63E07AD6381AFC13D408A778 /* Pods */ = {
			isa = PBXGroup;
			children = (
				64592CA533CB86F42E40CA80 /* Pods-ChatLayout_Example.debug.xcconfig */,
				C30FBDDA4ED69A793C4209D7 /* Pods-ChatLayout_Example.release.xcconfig */,
				9CA6A2F5631E2814924C15C5 /* Pods-ChatLayout_Tests.debug.xcconfig */,
				418AFD15C61B422645E641EC /* Pods-ChatLayout_Tests.release.xcconfig */,
			);
			path = Pods;
			sourceTree = "<group>";
		};
		7D334692858F3045023B1FFC /* Frameworks */ = {
			isa = PBXGroup;
			children = (
				9B7D563FDE00BE672CF1F717 /* Pods_ChatLayout_Example.framework */,
				CB9EF31446D0BAF8EB59C573 /* Pods_ChatLayout_Tests.framework */,
			);
			name = Frameworks;
			sourceTree = "<group>";
		};
/* End PBXGroup section */

/* Begin PBXNativeTarget section */
		607FACCF1AFB9204008FA782 /* ChatLayout_Example */ = {
			isa = PBXNativeTarget;
			buildConfigurationList = 607FACEF1AFB9204008FA782 /* Build configuration list for PBXNativeTarget "ChatLayout_Example" */;
			buildPhases = (
				062C6A3141500840091D1B24 /* [CP] Check Pods Manifest.lock */,
				607FACCC1AFB9204008FA782 /* Sources */,
				607FACCD1AFB9204008FA782 /* Frameworks */,
				607FACCE1AFB9204008FA782 /* Resources */,
				111ECFF978C7C594BB68E192 /* [CP] Embed Pods Frameworks */,
			);
			buildRules = (
			);
			dependencies = (
			);
			name = ChatLayout_Example;
			productName = ChatLayout;
			productReference = 607FACD01AFB9204008FA782 /* ChatLayout_Example.app */;
			productType = "com.apple.product-type.application";
		};
		607FACE41AFB9204008FA782 /* ChatLayout_Tests */ = {
			isa = PBXNativeTarget;
			buildConfigurationList = 607FACF21AFB9204008FA782 /* Build configuration list for PBXNativeTarget "ChatLayout_Tests" */;
			buildPhases = (
				8E9261AD62F12885E67FE389 /* [CP] Check Pods Manifest.lock */,
				607FACE11AFB9204008FA782 /* Sources */,
				607FACE21AFB9204008FA782 /* Frameworks */,
				607FACE31AFB9204008FA782 /* Resources */,
			);
			buildRules = (
			);
			dependencies = (
				607FACE71AFB9204008FA782 /* PBXTargetDependency */,
			);
			name = ChatLayout_Tests;
			productName = Tests;
			productReference = 607FACE51AFB9204008FA782 /* ChatLayout_Tests.xctest */;
			productType = "com.apple.product-type.bundle.unit-test";
		};
/* End PBXNativeTarget section */

/* Begin PBXProject section */
		607FACC81AFB9204008FA782 /* Project object */ = {
			isa = PBXProject;
			attributes = {
				LastSwiftUpdateCheck = 0830;
				LastUpgradeCheck = 1170;
				ORGANIZATIONNAME = CocoaPods;
				TargetAttributes = {
					607FACCF1AFB9204008FA782 = {
						CreatedOnToolsVersion = 6.3.1;
						DevelopmentTeam = PG4V34R8QT;
						LastSwiftMigration = 0900;
						ProvisioningStyle = Automatic;
					};
					607FACE41AFB9204008FA782 = {
						CreatedOnToolsVersion = 6.3.1;
						DevelopmentTeam = PG4V34R8QT;
						LastSwiftMigration = 0900;
						TestTargetID = 607FACCF1AFB9204008FA782;
					};
				};
			};
			buildConfigurationList = 607FACCB1AFB9204008FA782 /* Build configuration list for PBXProject "ChatLayout" */;
			compatibilityVersion = "Xcode 3.2";
			developmentRegion = en;
			hasScannedForEncodings = 0;
			knownRegions = (
				en,
				Base,
			);
			mainGroup = 607FACC71AFB9204008FA782;
			productRefGroup = 607FACD11AFB9204008FA782 /* Products */;
			projectDirPath = "";
			projectRoot = "";
			targets = (
				607FACCF1AFB9204008FA782 /* ChatLayout_Example */,
				607FACE41AFB9204008FA782 /* ChatLayout_Tests */,
			);
		};
/* End PBXProject section */

/* Begin PBXResourcesBuildPhase section */
		607FACCE1AFB9204008FA782 /* Resources */ = {
			isa = PBXResourcesBuildPhase;
			buildActionMask = 2147483647;
			files = (
				4504F43024FA685E00385590 /* Assets.xcassets in Resources */,
				607FACE01AFB9204008FA782 /* LaunchScreen.xib in Resources */,
			);
			runOnlyForDeploymentPostprocessing = 0;
		};
		607FACE31AFB9204008FA782 /* Resources */ = {
			isa = PBXResourcesBuildPhase;
			buildActionMask = 2147483647;
			files = (
			);
			runOnlyForDeploymentPostprocessing = 0;
		};
/* End PBXResourcesBuildPhase section */

/* Begin PBXShellScriptBuildPhase section */
		062C6A3141500840091D1B24 /* [CP] Check Pods Manifest.lock */ = {
			isa = PBXShellScriptBuildPhase;
			buildActionMask = 2147483647;
			files = (
			);
			inputFileListPaths = (
			);
			inputPaths = (
				"${PODS_PODFILE_DIR_PATH}/Podfile.lock",
				"${PODS_ROOT}/Manifest.lock",
			);
			name = "[CP] Check Pods Manifest.lock";
			outputFileListPaths = (
			);
			outputPaths = (
				"$(DERIVED_FILE_DIR)/Pods-ChatLayout_Example-checkManifestLockResult.txt",
			);
			runOnlyForDeploymentPostprocessing = 0;
			shellPath = /bin/sh;
			shellScript = "diff \"${PODS_PODFILE_DIR_PATH}/Podfile.lock\" \"${PODS_ROOT}/Manifest.lock\" > /dev/null\nif [ $? != 0 ] ; then\n    # print error to STDERR\n    echo \"error: The sandbox is not in sync with the Podfile.lock. Run 'pod install' or update your CocoaPods installation.\" >&2\n    exit 1\nfi\n# This output is used by Xcode 'outputs' to avoid re-running this script phase.\necho \"SUCCESS\" > \"${SCRIPT_OUTPUT_FILE_0}\"\n";
			showEnvVarsInLog = 0;
		};
		111ECFF978C7C594BB68E192 /* [CP] Embed Pods Frameworks */ = {
			isa = PBXShellScriptBuildPhase;
			buildActionMask = 2147483647;
			files = (
			);
			inputPaths = (
				"${PODS_ROOT}/Target Support Files/Pods-ChatLayout_Example/Pods-ChatLayout_Example-frameworks.sh",
				"${BUILT_PRODUCTS_DIR}/ChatLayout/ChatLayout.framework",
				"${BUILT_PRODUCTS_DIR}/DifferenceKit/DifferenceKit.framework",
				"${BUILT_PRODUCTS_DIR}/FPSCounter/FPSCounter.framework",
				"${BUILT_PRODUCTS_DIR}/InputBarAccessoryView/InputBarAccessoryView.framework",
				"${BUILT_PRODUCTS_DIR}/InterposeKit/InterposeKit.framework",
				"${BUILT_PRODUCTS_DIR}/RecyclerView/RecyclerView.framework",
			);
			name = "[CP] Embed Pods Frameworks";
			outputPaths = (
				"${TARGET_BUILD_DIR}/${FRAMEWORKS_FOLDER_PATH}/ChatLayout.framework",
				"${TARGET_BUILD_DIR}/${FRAMEWORKS_FOLDER_PATH}/DifferenceKit.framework",
				"${TARGET_BUILD_DIR}/${FRAMEWORKS_FOLDER_PATH}/FPSCounter.framework",
				"${TARGET_BUILD_DIR}/${FRAMEWORKS_FOLDER_PATH}/InputBarAccessoryView.framework",
				"${TARGET_BUILD_DIR}/${FRAMEWORKS_FOLDER_PATH}/InterposeKit.framework",
				"${TARGET_BUILD_DIR}/${FRAMEWORKS_FOLDER_PATH}/RecyclerView.framework",
			);
			runOnlyForDeploymentPostprocessing = 0;
			shellPath = /bin/sh;
			shellScript = "\"${PODS_ROOT}/Target Support Files/Pods-ChatLayout_Example/Pods-ChatLayout_Example-frameworks.sh\"\n";
			showEnvVarsInLog = 0;
		};
		8E9261AD62F12885E67FE389 /* [CP] Check Pods Manifest.lock */ = {
			isa = PBXShellScriptBuildPhase;
			buildActionMask = 2147483647;
			files = (
			);
			inputFileListPaths = (
			);
			inputPaths = (
				"${PODS_PODFILE_DIR_PATH}/Podfile.lock",
				"${PODS_ROOT}/Manifest.lock",
			);
			name = "[CP] Check Pods Manifest.lock";
			outputFileListPaths = (
			);
			outputPaths = (
				"$(DERIVED_FILE_DIR)/Pods-ChatLayout_Tests-checkManifestLockResult.txt",
			);
			runOnlyForDeploymentPostprocessing = 0;
			shellPath = /bin/sh;
			shellScript = "diff \"${PODS_PODFILE_DIR_PATH}/Podfile.lock\" \"${PODS_ROOT}/Manifest.lock\" > /dev/null\nif [ $? != 0 ] ; then\n    # print error to STDERR\n    echo \"error: The sandbox is not in sync with the Podfile.lock. Run 'pod install' or update your CocoaPods installation.\" >&2\n    exit 1\nfi\n# This output is used by Xcode 'outputs' to avoid re-running this script phase.\necho \"SUCCESS\" > \"${SCRIPT_OUTPUT_FILE_0}\"\n";
			showEnvVarsInLog = 0;
		};
/* End PBXShellScriptBuildPhase section */

/* Begin PBXSourcesBuildPhase section */
		607FACCC1AFB9204008FA782 /* Sources */ = {
			isa = PBXSourcesBuildPhase;
			buildActionMask = 2147483647;
			files = (
				4504F3F824FA66F600385590 /* TypingState.swift in Sources */,
				4504F40124FA66F600385590 /* KeyValueCaching.swift in Sources */,
				4504F40724FA66F600385590 /* TextGenerator.swift in Sources */,
				4504F40F24FA66F600385590 /* BubbleController.swift in Sources */,
				4504F41B24FA66F600385590 /* ImageController.swift in Sources */,
				4504F3FF24FA66F600385590 /* ImageForUrlCache.swift in Sources */,
				4504F40424FA66F600385590 /* PersistentDataCache.swift in Sources */,
				4504F42524FA66F600385590 /* EditingAccessoryController.swift in Sources */,
				4504F40824FA66F600385590 /* Caches.swift in Sources */,
				4504F41724FA66F600385590 /* AvatarViewController.swift in Sources */,
				607FACD61AFB9204008FA782 /* AppDelegate.swift in Sources */,
				4504F42224FA66F600385590 /* ReloadDelegate.swift in Sources */,
				4504F41A24FA66F600385590 /* URLSource.swift in Sources */,
				4504F42124FA66F600385590 /* ImageView.swift in Sources */,
				4504F40C24FA66F600385590 /* DefaultChatCollectionDataSource.swift in Sources */,
				4504F41024FA66F600385590 /* TextBubbleController.swift in Sources */,
				4504F42024FA66F600385590 /* ImageViewState.swift in Sources */,
				4504F3F424FA66F600385590 /* ChatControllerDelegate.swift in Sources */,
				4504F40624FA66F600385590 /* CacheError.swift in Sources */,
				4504F41924FA66F600385590 /* URLController.swift in Sources */,
				4504F40224FA66F600385590 /* IterativeCache.swift in Sources */,
				4504F42624FA66F600385590 /* EditingAccessoryView.swift in Sources */,
				4504F40324FA66F600385590 /* MemoryDataCache.swift in Sources */,
				4504F3F324FA66F600385590 /* Constants.swift in Sources */,
				4504F40024FA66F600385590 /* AsyncKeyValueCaching.swift in Sources */,
				4504F40A24FA66F600385590 /* StatusView.swift in Sources */,
				4504F40524FA66F600385590 /* MetaDataCache.swift in Sources */,
				4504F41124FA66F600385590 /* FullCellContentBubbleController.swift in Sources */,
				4504F40D24FA66F600385590 /* TextMessageController.swift in Sources */,
				4504F3F924FA66F600385590 /* Cell.swift in Sources */,
				4504F42B24FA67F400385590 /* SceneDelegate.swift in Sources */,
				4504F40E24FA66F600385590 /* TextMessageView.swift in Sources */,
				4504F41224FA66F600385590 /* EditNotifier.swift in Sources */,
				4504F3F524FA66F600385590 /* DefaultChatController.swift in Sources */,
				4504F41524FA66F600385590 /* AvatarPlaceholderView.swift in Sources */,
				4504F41624FA66F600385590 /* AvatarView.swift in Sources */,
				4504F40B24FA66F600385590 /* ChatCollectionDataSource.swift in Sources */,
				4504F3FA24FA66F600385590 /* Message.swift in Sources */,
				4504F40924FA66F600385590 /* ChatViewController.swift in Sources */,
				4504F3F724FA66F600385590 /* DefaultRandomDataProvider.swift in Sources */,
				4504F41424FA66F600385590 /* EditNotifierDelegate.swift in Sources */,
				4504F3FC24FA66F600385590 /* Section.swift in Sources */,
				4504F3F624FA66F600385590 /* ChatController.swift in Sources */,
				4504F3FB24FA66F600385590 /* User.swift in Sources */,
				4504F3FE24FA66F600385590 /* CacheableImageKey.swift in Sources */,
				4504F41824FA66F600385590 /* URLView.swift in Sources */,
				4504F3FD24FA66F600385590 /* RawMessage.swift in Sources */,
				1BE54BC5C70CB9FA1260B54D /* ChatDateFormatter.swift in Sources */,
				1BE547F2ACCB77CA75EDEA45 /* ProcessInfo+Extension.swift in Sources */,
				1BE54E0ABF0E8D9E61D2662B /* ChatViewControllerBuilder.swift in Sources */,
				1BE54745DF4AD8A754F93E39 /* PersistentlyCacheable.swift in Sources */,
				1BE5470A0DF3A73855F889F3 /* SetActor.swift in Sources */,
				1BE544096F4D8B22904E10BE /* DifferenceKit+Extension.swift in Sources */,
				1BE542E819F317921A21472A /* CachingImageLoader.swift in Sources */,
				1BE54BA96464B328D52322A1 /* ImageLoader.swift in Sources */,
				1BE54AC173D67905A2EF727B /* DefaultImageLoader.swift in Sources */,
				1BE5423ADDEC30417584C100 /* ImageMessageSource.swift in Sources */,
				1BE546BC2257F3C448BA54F2 /* KeyboardListener.swift in Sources */,
				1BE5475E09C9696745B113F1 /* KeyboardListenerDelegate.swift in Sources */,
				1BE5496732EAB127C8019477 /* KeyboardInfo.swift in Sources */,
				1BE54ECBD0FC824B71DE1044 /* UIView+Extension.swift in Sources */,
				1BE54C3A0AEA8365F02479C3 /* ManualAnimator.swift in Sources */,
				1BE54F39DA113D0A9C7F54E7 /* BezierMaskedView.swift in Sources */,
				1BE5414502ACF8741EF496CD /* BezierBubbleController.swift in Sources */,
				1BE546DB3B8341357F3FD91E /* MainContainerView.swift in Sources */,
				1BE540F15C168BCEAB24B916 /* DateAccessoryView.swift in Sources */,
				1BE54EDDBD81A201D12D68B8 /* SwipeNotifier.swift in Sources */,
				1BE54AF532AEF1F560A5A912 /* DateAccessoryController.swift in Sources */,
			);
			runOnlyForDeploymentPostprocessing = 0;
		};
		607FACE11AFB9204008FA782 /* Sources */ = {
			isa = PBXSourcesBuildPhase;
			buildActionMask = 2147483647;
			files = (
				607FACEC1AFB9204008FA782 /* StateControllerProcessUpdatesTests.swift in Sources */,
				1BE5486E03A837AE2F8457DA /* MockCollectionLayout.swift in Sources */,
				1BE54DBD5F84AF25128B6789 /* MockUICollectionViewUpdateItem.swift in Sources */,
				1BE544269CC3DC62CEB1D56E /* StateControllerInternalTests.swift in Sources */,
				1BE54FDB9836397E2694B9D7 /* HelpersTests.swift in Sources */,
				D5A31E60E9BF6F8C13EDFDC5 /* PerformanceTests.swift in Sources */,
			);
			runOnlyForDeploymentPostprocessing = 0;
		};
/* End PBXSourcesBuildPhase section */

/* Begin PBXTargetDependency section */
		607FACE71AFB9204008FA782 /* PBXTargetDependency */ = {
			isa = PBXTargetDependency;
			target = 607FACCF1AFB9204008FA782 /* ChatLayout_Example */;
			targetProxy = 607FACE61AFB9204008FA782 /* PBXContainerItemProxy */;
		};
/* End PBXTargetDependency section */

/* Begin PBXVariantGroup section */
		607FACDE1AFB9204008FA782 /* LaunchScreen.xib */ = {
			isa = PBXVariantGroup;
			children = (
				607FACDF1AFB9204008FA782 /* Base */,
			);
			name = LaunchScreen.xib;
			sourceTree = "<group>";
		};
/* End PBXVariantGroup section */

/* Begin XCBuildConfiguration section */
		607FACED1AFB9204008FA782 /* Debug */ = {
			isa = XCBuildConfiguration;
			buildSettings = {
				ALWAYS_SEARCH_USER_PATHS = NO;
				CLANG_ANALYZER_LOCALIZABILITY_NONLOCALIZED = YES;
				CLANG_CXX_LANGUAGE_STANDARD = "gnu++0x";
				CLANG_CXX_LIBRARY = "libc++";
				CLANG_ENABLE_MODULES = YES;
				CLANG_ENABLE_OBJC_ARC = YES;
				CLANG_WARN_BLOCK_CAPTURE_AUTORELEASING = YES;
				CLANG_WARN_BOOL_CONVERSION = YES;
				CLANG_WARN_COMMA = YES;
				CLANG_WARN_CONSTANT_CONVERSION = YES;
				CLANG_WARN_DEPRECATED_OBJC_IMPLEMENTATIONS = YES;
				CLANG_WARN_DIRECT_OBJC_ISA_USAGE = YES_ERROR;
				CLANG_WARN_EMPTY_BODY = YES;
				CLANG_WARN_ENUM_CONVERSION = YES;
				CLANG_WARN_INFINITE_RECURSION = YES;
				CLANG_WARN_INT_CONVERSION = YES;
				CLANG_WARN_NON_LITERAL_NULL_CONVERSION = YES;
				CLANG_WARN_OBJC_IMPLICIT_RETAIN_SELF = YES;
				CLANG_WARN_OBJC_LITERAL_CONVERSION = YES;
				CLANG_WARN_OBJC_ROOT_CLASS = YES_ERROR;
				CLANG_WARN_RANGE_LOOP_ANALYSIS = YES;
				CLANG_WARN_STRICT_PROTOTYPES = YES;
				CLANG_WARN_SUSPICIOUS_MOVE = YES;
				CLANG_WARN_UNREACHABLE_CODE = YES;
				CLANG_WARN__DUPLICATE_METHOD_MATCH = YES;
				"CODE_SIGN_IDENTITY[sdk=iphoneos*]" = "iPhone Developer";
				COPY_PHASE_STRIP = NO;
				DEBUG_INFORMATION_FORMAT = "dwarf-with-dsym";
				ENABLE_STRICT_OBJC_MSGSEND = YES;
				ENABLE_TESTABILITY = YES;
				GCC_C_LANGUAGE_STANDARD = gnu99;
				GCC_DYNAMIC_NO_PIC = NO;
				GCC_NO_COMMON_BLOCKS = YES;
				GCC_OPTIMIZATION_LEVEL = 0;
				GCC_PREPROCESSOR_DEFINITIONS = (
					"DEBUG=1",
					"$(inherited)",
				);
				GCC_SYMBOLS_PRIVATE_EXTERN = NO;
				GCC_WARN_64_TO_32_BIT_CONVERSION = YES;
				GCC_WARN_ABOUT_RETURN_TYPE = YES_ERROR;
				GCC_WARN_UNDECLARED_SELECTOR = YES;
				GCC_WARN_UNINITIALIZED_AUTOS = YES_AGGRESSIVE;
				GCC_WARN_UNUSED_FUNCTION = YES;
				GCC_WARN_UNUSED_VARIABLE = YES;
				IPHONEOS_DEPLOYMENT_TARGET = 16.0;
				MTL_ENABLE_DEBUG_INFO = YES;
				ONLY_ACTIVE_ARCH = YES;
				SDKROOT = iphoneos;
				SWIFT_OPTIMIZATION_LEVEL = "-Onone";
			};
			name = Debug;
		};
		607FACEE1AFB9204008FA782 /* Release */ = {
			isa = XCBuildConfiguration;
			buildSettings = {
				ALWAYS_SEARCH_USER_PATHS = NO;
				CLANG_ANALYZER_LOCALIZABILITY_NONLOCALIZED = YES;
				CLANG_CXX_LANGUAGE_STANDARD = "gnu++0x";
				CLANG_CXX_LIBRARY = "libc++";
				CLANG_ENABLE_MODULES = YES;
				CLANG_ENABLE_OBJC_ARC = YES;
				CLANG_WARN_BLOCK_CAPTURE_AUTORELEASING = YES;
				CLANG_WARN_BOOL_CONVERSION = YES;
				CLANG_WARN_COMMA = YES;
				CLANG_WARN_CONSTANT_CONVERSION = YES;
				CLANG_WARN_DEPRECATED_OBJC_IMPLEMENTATIONS = YES;
				CLANG_WARN_DIRECT_OBJC_ISA_USAGE = YES_ERROR;
				CLANG_WARN_EMPTY_BODY = YES;
				CLANG_WARN_ENUM_CONVERSION = YES;
				CLANG_WARN_INFINITE_RECURSION = YES;
				CLANG_WARN_INT_CONVERSION = YES;
				CLANG_WARN_NON_LITERAL_NULL_CONVERSION = YES;
				CLANG_WARN_OBJC_IMPLICIT_RETAIN_SELF = YES;
				CLANG_WARN_OBJC_LITERAL_CONVERSION = YES;
				CLANG_WARN_OBJC_ROOT_CLASS = YES_ERROR;
				CLANG_WARN_RANGE_LOOP_ANALYSIS = YES;
				CLANG_WARN_STRICT_PROTOTYPES = YES;
				CLANG_WARN_SUSPICIOUS_MOVE = YES;
				CLANG_WARN_UNREACHABLE_CODE = YES;
				CLANG_WARN__DUPLICATE_METHOD_MATCH = YES;
				"CODE_SIGN_IDENTITY[sdk=iphoneos*]" = "iPhone Developer";
				COPY_PHASE_STRIP = NO;
				DEBUG_INFORMATION_FORMAT = "dwarf-with-dsym";
				ENABLE_NS_ASSERTIONS = NO;
				ENABLE_STRICT_OBJC_MSGSEND = YES;
				GCC_C_LANGUAGE_STANDARD = gnu99;
				GCC_NO_COMMON_BLOCKS = YES;
				GCC_WARN_64_TO_32_BIT_CONVERSION = YES;
				GCC_WARN_ABOUT_RETURN_TYPE = YES_ERROR;
				GCC_WARN_UNDECLARED_SELECTOR = YES;
				GCC_WARN_UNINITIALIZED_AUTOS = YES_AGGRESSIVE;
				GCC_WARN_UNUSED_FUNCTION = YES;
				GCC_WARN_UNUSED_VARIABLE = YES;
				IPHONEOS_DEPLOYMENT_TARGET = 16.0;
				MTL_ENABLE_DEBUG_INFO = NO;
				SDKROOT = iphoneos;
				SWIFT_OPTIMIZATION_LEVEL = "-Owholemodule";
				VALIDATE_PRODUCT = YES;
			};
			name = Release;
		};
		607FACF01AFB9204008FA782 /* Debug */ = {
			isa = XCBuildConfiguration;
			baseConfigurationReference = 64592CA533CB86F42E40CA80 /* Pods-ChatLayout_Example.debug.xcconfig */;
			buildSettings = {
				ASSETCATALOG_COMPILER_APPICON_NAME = AppIcon;
				CODE_SIGN_ENTITLEMENTS = ChatLayout_Example.entitlements;
				CODE_SIGN_IDENTITY = "Apple Development";
				CODE_SIGN_STYLE = Automatic;
				DEVELOPMENT_TEAM = PG4V34R8QT;
				INFOPLIST_FILE = ChatLayout/Info.plist;
				IPHONEOS_DEPLOYMENT_TARGET = 15.0;
				LD_RUNPATH_SEARCH_PATHS = "$(inherited) @executable_path/Frameworks";
				MODULE_NAME = ExampleApp;
				PRODUCT_BUNDLE_IDENTIFIER = ie.ekazaev.pureMessageKit.Example;
				PRODUCT_NAME = "$(TARGET_NAME)";
				PROVISIONING_PROFILE_SPECIFIER = "";
				SUPPORTED_PLATFORMS = "iphoneos iphonesimulator";
				SUPPORTS_MACCATALYST = YES;
				SWIFT_SWIFT3_OBJC_INFERENCE = Default;
				SWIFT_VERSION = 5.0;
				TARGETED_DEVICE_FAMILY = "1,2";
			};
			name = Debug;
		};
		607FACF11AFB9204008FA782 /* Release */ = {
			isa = XCBuildConfiguration;
			baseConfigurationReference = C30FBDDA4ED69A793C4209D7 /* Pods-ChatLayout_Example.release.xcconfig */;
			buildSettings = {
				ASSETCATALOG_COMPILER_APPICON_NAME = AppIcon;
				CODE_SIGN_ENTITLEMENTS = ChatLayout_Example.entitlements;
				CODE_SIGN_IDENTITY = "Apple Development";
				CODE_SIGN_STYLE = Automatic;
				DEVELOPMENT_TEAM = PG4V34R8QT;
				INFOPLIST_FILE = ChatLayout/Info.plist;
				IPHONEOS_DEPLOYMENT_TARGET = 15.0;
				LD_RUNPATH_SEARCH_PATHS = "$(inherited) @executable_path/Frameworks";
				MODULE_NAME = ExampleApp;
				PRODUCT_BUNDLE_IDENTIFIER = ie.ekazaev.pureMessageKit.Example;
				PRODUCT_NAME = "$(TARGET_NAME)";
				PROVISIONING_PROFILE_SPECIFIER = "";
				SUPPORTED_PLATFORMS = "iphoneos iphonesimulator";
				SUPPORTS_MACCATALYST = YES;
				SWIFT_SWIFT3_OBJC_INFERENCE = Default;
				SWIFT_VERSION = 5.0;
				TARGETED_DEVICE_FAMILY = "1,2";
			};
			name = Release;
		};
		607FACF31AFB9204008FA782 /* Debug */ = {
			isa = XCBuildConfiguration;
			baseConfigurationReference = 9CA6A2F5631E2814924C15C5 /* Pods-ChatLayout_Tests.debug.xcconfig */;
			buildSettings = {
				DEVELOPMENT_TEAM = PG4V34R8QT;
				FRAMEWORK_SEARCH_PATHS = (
					"$(PLATFORM_DIR)/Developer/Library/Frameworks",
					"$(inherited)",
				);
				GCC_PREPROCESSOR_DEFINITIONS = (
					"DEBUG=1",
					"$(inherited)",
				);
				INFOPLIST_FILE = Tests/Info.plist;
				IPHONEOS_DEPLOYMENT_TARGET = 16.0;
				LD_RUNPATH_SEARCH_PATHS = "$(inherited) @executable_path/Frameworks @loader_path/Frameworks";
				PRODUCT_BUNDLE_IDENTIFIER = "org.cocoapods.$(PRODUCT_NAME:rfc1034identifier)";
				PRODUCT_NAME = "$(TARGET_NAME)";
				SWIFT_SWIFT3_OBJC_INFERENCE = Default;
				SWIFT_VERSION = 5.0;
				TEST_HOST = "$(BUILT_PRODUCTS_DIR)/ChatLayout_Example.app/ChatLayout_Example";
			};
			name = Debug;
		};
		607FACF41AFB9204008FA782 /* Release */ = {
			isa = XCBuildConfiguration;
			baseConfigurationReference = 418AFD15C61B422645E641EC /* Pods-ChatLayout_Tests.release.xcconfig */;
			buildSettings = {
				DEVELOPMENT_TEAM = PG4V34R8QT;
				FRAMEWORK_SEARCH_PATHS = (
					"$(PLATFORM_DIR)/Developer/Library/Frameworks",
					"$(inherited)",
				);
				INFOPLIST_FILE = Tests/Info.plist;
				IPHONEOS_DEPLOYMENT_TARGET = 16.0;
				LD_RUNPATH_SEARCH_PATHS = "$(inherited) @executable_path/Frameworks @loader_path/Frameworks";
				PRODUCT_BUNDLE_IDENTIFIER = "org.cocoapods.$(PRODUCT_NAME:rfc1034identifier)";
				PRODUCT_NAME = "$(TARGET_NAME)";
				SWIFT_SWIFT3_OBJC_INFERENCE = Default;
				SWIFT_VERSION = 5.0;
				TEST_HOST = "$(BUILT_PRODUCTS_DIR)/ChatLayout_Example.app/ChatLayout_Example";
			};
			name = Release;
		};
/* End XCBuildConfiguration section */

/* Begin XCConfigurationList section */
		607FACCB1AFB9204008FA782 /* Build configuration list for PBXProject "ChatLayout" */ = {
			isa = XCConfigurationList;
			buildConfigurations = (
				607FACED1AFB9204008FA782 /* Debug */,
				607FACEE1AFB9204008FA782 /* Release */,
			);
			defaultConfigurationIsVisible = 0;
			defaultConfigurationName = Release;
		};
		607FACEF1AFB9204008FA782 /* Build configuration list for PBXNativeTarget "ChatLayout_Example" */ = {
			isa = XCConfigurationList;
			buildConfigurations = (
				607FACF01AFB9204008FA782 /* Debug */,
				607FACF11AFB9204008FA782 /* Release */,
			);
			defaultConfigurationIsVisible = 0;
			defaultConfigurationName = Release;
		};
		607FACF21AFB9204008FA782 /* Build configuration list for PBXNativeTarget "ChatLayout_Tests" */ = {
			isa = XCConfigurationList;
			buildConfigurations = (
				607FACF31AFB9204008FA782 /* Debug */,
				607FACF41AFB9204008FA782 /* Release */,
			);
			defaultConfigurationIsVisible = 0;
			defaultConfigurationName = Release;
		};
/* End XCConfigurationList section */
	};
	rootObject = 607FACC81AFB9204008FA782 /* Project object */;
}
